
Microsoft Visual Studio Solution File, Format Version 12.00
# Visual Studio 15
Project("{FAE04EC0-301F-11D3-BF4B-00C04F79EFBC}") = "SimpleFileBrowser.Runtime", "SimpleFileBrowser.Runtime.csproj", "{231EB2E3-EC95-3426-AA5C-3EEFF566DDEE}"
EndProject
Project("{FAE04EC0-301F-11D3-BF4B-00C04F79EFBC}") = "Assembly-CSharp", "Assembly-CSharp.csproj", "{2A517007-B130-D4E1-95FC-5608528AF930}"
EndProject
Global
	GlobalSection(SolutionConfigurationPlatforms) = preSolution
		Debug|Any CPU = Debug|Any CPU
		Release|Any CPU = Release|Any CPU
	EndGlobalSection
	GlobalSection(ProjectConfigurationPlatforms) = postSolution
		{231EB2E3-EC95-3426-AA5C-3EEFF566DDEE}.Debug|Any CPU.ActiveCfg = Debug|Any CPU
		{231EB2E3-EC95-3426-AA5C-3EEFF566DDEE}.Debug|Any CPU.Build.0 = Debug|Any CPU
		{231EB2E3-EC95-3426-AA5C-3EEFF566DDEE}.Release|Any CPU.ActiveCfg = Release|Any CPU
		{231EB2E3-EC95-3426-AA5C-3EEFF566DDEE}.Release|Any CPU.Build.0 = Release|Any CPU
		{2A517007-B130-D4E1-95FC-5608528AF930}.Debug|Any CPU.ActiveCfg = Debug|Any CPU
		{2A517007-B130-D4E1-95FC-5608528AF930}.Debug|Any CPU.Build.0 = Debug|Any CPU
		{2A517007-B130-D4E1-95FC-5608528AF930}.Release|Any CPU.ActiveCfg = Release|Any CPU
		{2A517007-B130-D4E1-95FC-5608528AF930}.Release|Any CPU.Build.0 = Release|Any CPU
	EndGlobalSection
	GlobalSection(SolutionProperties) = preSolution
		HideSolutionNode = FALSE
	EndGlobalSection
EndGlobal
